
Microsoft Visual Studio Solution File, Format Version 12.00
# Visual Studio Version 16
VisualStudioVersion = 16.0.35325.158
MinimumVisualStudioVersion = 10.0.40219.1
Project("{FAE04EC0-301F-11D3-BF4B-00C04F79EFBC}") = "API_withUI", "API_withUI\API_withUI.csproj", "{AFFACB0F-931F-47C1-BFB3-7F744919D445}"
EndProject
Global
	GlobalSection(SolutionConfigurationPlatforms) = preSolution
		Debug|Any CPU = Debug|Any CPU
		Release|Any CPU = Release|Any CPU
	EndGlobalSection
	GlobalSection(ProjectConfigurationPlatforms) = postSolution
		{AFFACB0F-931F-47C1-BFB3-7F744919D445}.Debug|Any CPU.ActiveCfg = Debug|Any CPU
		{AFFACB0F-931F-47C1-BFB3-7F744919D445}.Debug|Any CPU.Build.0 = Debug|Any CPU
		{AFFACB0F-931F-47C1-BFB3-7F744919D445}.Release|Any CPU.ActiveCfg = Release|Any CPU
		{AFFACB0F-931F-47C1-BFB3-7F744919D445}.Release|Any CPU.Build.0 = Release|Any CPU
	EndGlobalSection
	GlobalSection(SolutionProperties) = preSolution
		HideSolutionNode = FALSE
	EndGlobalSection
	GlobalSection(ExtensibilityGlobals) = postSolution
		SolutionGuid = {3C2C7A1B-9785-42CA-BC7D-DB464B70370C}
	EndGlobalSection
EndGlobal
