
Microsoft Visual Studio Solution File, Format Version 12.00
# Visual Studio Version 16
VisualStudioVersion = 16.0.35325.158
MinimumVisualStudioVersion = 10.0.40219.1
Project("{FAE04EC0-301F-11D3-BF4B-00C04F79EFBC}") = "Assessment4", "Assessment4\Assessment4.csproj", "{6EAA892F-D50D-4529-9CC5-694944EFAA80}"
EndProject
Global
	GlobalSection(SolutionConfigurationPlatforms) = preSolution
		Debug|Any CPU = Debug|Any CPU
		Release|Any CPU = Release|Any CPU
	EndGlobalSection
	GlobalSection(ProjectConfigurationPlatforms) = postSolution
		{6EAA892F-D50D-4529-9CC5-694944EFAA80}.Debug|Any CPU.ActiveCfg = Debug|Any CPU
		{6EAA892F-D50D-4529-9CC5-694944EFAA80}.Debug|Any CPU.Build.0 = Debug|Any CPU
		{6EAA892F-D50D-4529-9CC5-694944EFAA80}.Release|Any CPU.ActiveCfg = Release|Any CPU
		{6EAA892F-D50D-4529-9CC5-694944EFAA80}.Release|Any CPU.Build.0 = Release|Any CPU
	EndGlobalSection
	GlobalSection(SolutionProperties) = preSolution
		HideSolutionNode = FALSE
	EndGlobalSection
	GlobalSection(ExtensibilityGlobals) = postSolution
		SolutionGuid = {7C276B04-1A1F-4CB8-8CFF-419D4E557A7B}
	EndGlobalSection
EndGlobal
